
Microsoft Visual Studio Solution File, Format Version 12.00
# Visual Studio Version 16
VisualStudioVersion = 16.0.31702.126
MinimumVisualStudioVersion = 10.0.40219.1
Project("{FAE04EC0-301F-11D3-BF4B-00C04F79EFBC}") = "GitintegrationDemo", "GitintegrationDemo\GitintegrationDemo.csproj", "{9EE8D3F0-1397-4DB9-9271-E0CFDEEAA975}"
EndProject
Global
	GlobalSection(SolutionConfigurationPlatforms) = preSolution
		Debug|Any CPU = Debug|Any CPU
		Release|Any CPU = Release|Any CPU
	EndGlobalSection
	GlobalSection(ProjectConfigurationPlatforms) = postSolution
		{9EE8D3F0-1397-4DB9-9271-E0CFDEEAA975}.Debug|Any CPU.ActiveCfg = Debug|Any CPU
		{9EE8D3F0-1397-4DB9-9271-E0CFDEEAA975}.Debug|Any CPU.Build.0 = Debug|Any CPU
		{9EE8D3F0-1397-4DB9-9271-E0CFDEEAA975}.Release|Any CPU.ActiveCfg = Release|Any CPU
		{9EE8D3F0-1397-4DB9-9271-E0CFDEEAA975}.Release|Any CPU.Build.0 = Release|Any CPU
	EndGlobalSection
	GlobalSection(SolutionProperties) = preSolution
		HideSolutionNode = FALSE
	EndGlobalSection
	GlobalSection(ExtensibilityGlobals) = postSolution
		SolutionGuid = {7B7C650B-2436-4D81-8FE9-7D1772D3C870}
	EndGlobalSection
EndGlobal
